// !$*UTF8*$!
{
	archiveVersion = 1;
	classes = {
	};
	objectVersion = 56;
	objects = {

/* Begin PBXBuildFile section */
		C55D67352BEE310100868005 /* AppDelegate.swift in Sources */ = {isa = PBXBuildFile; fileRef = C55D67342BEE310100868005 /* AppDelegate.swift */; };
		C55D67372BEE310100868005 /* SceneDelegate.swift in Sources */ = {isa = PBXBuildFile; fileRef = C55D67362BEE310100868005 /* SceneDelegate.swift */; };
		C55D67392BEE310100868005 /* ViewController.swift in Sources */ = {isa = PBXBuildFile; fileRef = C55D67382BEE310100868005 /* ViewController.swift */; };
		C55D673C2BEE310100868005 /* Base in Resources */ = {isa = PBXBuildFile; fileRef = C55D673B2BEE310100868005 /* Base */; };
		C55D673E2BEE310200868005 /* Assets.xcassets in Resources */ = {isa = PBXBuildFile; fileRef = C55D673D2BEE310200868005 /* Assets.xcassets */; };
		C55D67412BEE310200868005 /* Base in Resources */ = {isa = PBXBuildFile; fileRef = C55D67402BEE310200868005 /* Base */; };
		C55D674A2BEE340E00868005 /* Configuration.swift in Sources */ = {isa = PBXBuildFile; fileRef = C55D67492BEE340E00868005 /* Configuration.swift */; };
		C55D674C2BEE345800868005 /* ConfigurationSample.swift in Sources */ = {isa = PBXBuildFile; fileRef = C55D674B2BEE345800868005 /* ConfigurationSample.swift */; };
		C55D674E2BEE35C400868005 /* OpenAIRequest.swift in Sources */ = {isa = PBXBuildFile; fileRef = C55D674D2BEE35C400868005 /* OpenAIRequest.swift */; };
		C55D67512BEE35EC00868005 /* OpenAIResponse.swift in Sources */ = {isa = PBXBuildFile; fileRef = C55D67502BEE35EC00868005 /* OpenAIResponse.swift */; };
		C55D67532BEE360900868005 /* OpenAIClient.swift in Sources */ = {isa = PBXBuildFile; fileRef = C55D67522BEE360900868005 /* OpenAIClient.swift */; };
		C55D67552BF075FB00868005 /* ResponseContent.swift in Sources */ = {isa = PBXBuildFile; fileRef = C55D67542BF075FB00868005 /* ResponseContent.swift */; };
/* End PBXBuildFile section */

/* Begin PBXFileReference section */
		C55D67312BEE310100868005 /* ChatGPTWorkshop1.app */ = {isa = PBXFileReference; explicitFileType = wrapper.application; includeInIndex = 0; path = ChatGPTWorkshop1.app; sourceTree = BUILT_PRODUCTS_DIR; };
		C55D67342BEE310100868005 /* AppDelegate.swift */ = {isa = PBXFileReference; lastKnownFileType = sourcecode.swift; path = AppDelegate.swift; sourceTree = "<group>"; };
		C55D67362BEE310100868005 /* SceneDelegate.swift */ = {isa = PBXFileReference; lastKnownFileType = sourcecode.swift; path = SceneDelegate.swift; sourceTree = "<group>"; };
		C55D67382BEE310100868005 /* ViewController.swift */ = {isa = PBXFileReference; lastKnownFileType = sourcecode.swift; path = ViewController.swift; sourceTree = "<group>"; };
		C55D673B2BEE310100868005 /* Base */ = {isa = PBXFileReference; lastKnownFileType = file.storyboard; name = Base; path = Base.lproj/Main.storyboard; sourceTree = "<group>"; };
		C55D673D2BEE310200868005 /* Assets.xcassets */ = {isa = PBXFileReference; lastKnownFileType = folder.assetcatalog; path = Assets.xcassets; sourceTree = "<group>"; };
		C55D67402BEE310200868005 /* Base */ = {isa = PBXFileReference; lastKnownFileType = file.storyboard; name = Base; path = Base.lproj/LaunchScreen.storyboard; sourceTree = "<group>"; };
		C55D67422BEE310200868005 /* Info.plist */ = {isa = PBXFileReference; lastKnownFileType = text.plist.xml; path = Info.plist; sourceTree = "<group>"; };
		C55D67492BEE340E00868005 /* Configuration.swift */ = {isa = PBXFileReference; lastKnownFileType = sourcecode.swift; path = Configuration.swift; sourceTree = "<group>"; };
		C55D674B2BEE345800868005 /* ConfigurationSample.swift */ = {isa = PBXFileReference; lastKnownFileType = sourcecode.swift; path = ConfigurationSample.swift; sourceTree = "<group>"; };
		C55D674D2BEE35C400868005 /* OpenAIRequest.swift */ = {isa = PBXFileReference; lastKnownFileType = sourcecode.swift; path = OpenAIRequest.swift; sourceTree = "<group>"; };
		C55D67502BEE35EC00868005 /* OpenAIResponse.swift */ = {isa = PBXFileReference; lastKnownFileType = sourcecode.swift; path = OpenAIResponse.swift; sourceTree = "<group>"; };
		C55D67522BEE360900868005 /* OpenAIClient.swift */ = {isa = PBXFileReference; lastKnownFileType = sourcecode.swift; path = OpenAIClient.swift; sourceTree = "<group>"; };
		C55D67542BF075FB00868005 /* ResponseContent.swift */ = {isa = PBXFileReference; lastKnownFileType = sourcecode.swift; path = ResponseContent.swift; sourceTree = "<group>"; };
/* End PBXFileReference section */

/* Begin PBXFrameworksBuildPhase section */
		C55D672E2BEE310100868005 /* Frameworks */ = {
			isa = PBXFrameworksBuildPhase;
			buildActionMask = 2147483647;
			files = (
			);
			runOnlyForDeploymentPostprocessing = 0;
		};
/* End PBXFrameworksBuildPhase section */

/* Begin PBXGroup section */
		C55D67282BEE310100868005 = {
			isa = PBXGroup;
			children = (
				C55D67332BEE310100868005 /* ChatGPTWorkshop1 */,
				C55D67322BEE310100868005 /* Products */,
			);
			sourceTree = "<group>";
		};
		C55D67322BEE310100868005 /* Products */ = {
			isa = PBXGroup;
			children = (
				C55D67312BEE310100868005 /* ChatGPTWorkshop1.app */,
			);
			name = Products;
			sourceTree = "<group>";
		};
		C55D67332BEE310100868005 /* ChatGPTWorkshop1 */ = {
			isa = PBXGroup;
			children = (
				C55D674B2BEE345800868005 /* ConfigurationSample.swift */,
				C55D67492BEE340E00868005 /* Configuration.swift */,
				C55D67342BEE310100868005 /* AppDelegate.swift */,
				C55D67362BEE310100868005 /* SceneDelegate.swift */,
				C55D67382BEE310100868005 /* ViewController.swift */,
				C55D673A2BEE310100868005 /* Main.storyboard */,
				C55D673D2BEE310200868005 /* Assets.xcassets */,
				C55D673F2BEE310200868005 /* LaunchScreen.storyboard */,
				C55D67422BEE310200868005 /* Info.plist */,
				C55D67522BEE360900868005 /* OpenAIClient.swift */,
				C55D674D2BEE35C400868005 /* OpenAIRequest.swift */,
				C55D67502BEE35EC00868005 /* OpenAIResponse.swift */,
				C55D67542BF075FB00868005 /* ResponseContent.swift */,
			);
			path = ChatGPTWorkshop1;
			sourceTree = "<group>";
		};
/* End PBXGroup section */

/* Begin PBXNativeTarget section */
		C55D67302BEE310100868005 /* ChatGPTWorkshop1 */ = {
			isa = PBXNativeTarget;
			buildConfigurationList = C55D67452BEE310200868005 /* Build configuration list for PBXNativeTarget "ChatGPTWorkshop1" */;
			buildPhases = (
				C55D672D2BEE310100868005 /* Sources */,
				C55D672E2BEE310100868005 /* Frameworks */,
				C55D672F2BEE310100868005 /* Resources */,
			);
			buildRules = (
			);
			dependencies = (
			);
			name = ChatGPTWorkshop1;
			productName = ChatGPTWorkshop1;
			productReference = C55D67312BEE310100868005 /* ChatGPTWorkshop1.app */;
			productType = "com.apple.product-type.application";
		};
/* End PBXNativeTarget section */

/* Begin PBXProject section */
		C55D67292BEE310100868005 /* Project object */ = {
			isa = PBXProject;
			attributes = {
				BuildIndependentTargetsInParallel = 1;
				LastSwiftUpdateCheck = 1540;
				LastUpgradeCheck = 1540;
				TargetAttributes = {
					C55D67302BEE310100868005 = {
						CreatedOnToolsVersion = 15.4;
					};
				};
			};
			buildConfigurationList = C55D672C2BEE310100868005 /* Build configuration list for PBXProject "ChatGPTWorkshop1" */;
			compatibilityVersion = "Xcode 14.0";
			developmentRegion = en;
			hasScannedForEncodings = 0;
			knownRegions = (
				en,
				Base,
			);
			mainGroup = C55D67282BEE310100868005;
			productRefGroup = C55D67322BEE310100868005 /* Products */;
			projectDirPath = "";
			projectRoot = "";
			targets = (
				C55D67302BEE310100868005 /* ChatGPTWorkshop1 */,
			);
		};
/* End PBXProject section */

/* Begin PBXResourcesBuildPhase section */
		C55D672F2BEE310100868005 /* Resources */ = {
			isa = PBXResourcesBuildPhase;
			buildActionMask = 2147483647;
			files = (
				C55D673E2BEE310200868005 /* Assets.xcassets in Resources */,
				C55D67412BEE310200868005 /* Base in Resources */,
				C55D673C2BEE310100868005 /* Base in Resources */,
			);
			runOnlyForDeploymentPostprocessing = 0;
		};
/* End PBXResourcesBuildPhase section */

/* Begin PBXSourcesBuildPhase section */
		C55D672D2BEE310100868005 /* Sources */ = {
			isa = PBXSourcesBuildPhase;
			buildActionMask = 2147483647;
			files = (
				C55D67532BEE360900868005 /* OpenAIClient.swift in Sources */,
				C55D674C2BEE345800868005 /* ConfigurationSample.swift in Sources */,
				C55D67392BEE310100868005 /* ViewController.swift in Sources */,
				C55D674A2BEE340E00868005 /* Configuration.swift in Sources */,
				C55D67512BEE35EC00868005 /* OpenAIResponse.swift in Sources */,
				C55D67552BF075FB00868005 /* ResponseContent.swift in Sources */,
				C55D67352BEE310100868005 /* AppDelegate.swift in Sources */,
				C55D67372BEE310100868005 /* SceneDelegate.swift in Sources */,
				C55D674E2BEE35C400868005 /* OpenAIRequest.swift in Sources */,
			);
			runOnlyForDeploymentPostprocessing = 0;
		};
/* End PBXSourcesBuildPhase section */

/* Begin PBXVariantGroup section */
		C55D673A2BEE310100868005 /* Main.storyboard */ = {
			isa = PBXVariantGroup;
			children = (
				C55D673B2BEE310100868005 /* Base */,
			);
			name = Main.storyboard;
			sourceTree = "<group>";
		};
		C55D673F2BEE310200868005 /* LaunchScreen.storyboard */ = {
			isa = PBXVariantGroup;
			children = (
				C55D67402BEE310200868005 /* Base */,
			);
			name = LaunchScreen.storyboard;
			sourceTree = "<group>";
		};
/* End PBXVariantGroup section */

/* Begin XCBuildConfiguration section */
		C55D67432BEE310200868005 /* Debug */ = {
			isa = XCBuildConfiguration;
			buildSettings = {
				ALWAYS_SEARCH_USER_PATHS = NO;
				ASSETCATALOG_COMPILER_GENERATE_SWIFT_ASSET_SYMBOL_EXTENSIONS = YES;
				CLANG_ANALYZER_NONNULL = YES;
				CLANG_ANALYZER_NUMBER_OBJECT_CONVERSION = YES_AGGRESSIVE;
				CLANG_CXX_LANGUAGE_STANDARD = "gnu++20";
				CLANG_ENABLE_MODULES = YES;
				CLANG_ENABLE_OBJC_ARC = YES;
				CLANG_ENABLE_OBJC_WEAK = YES;
				CLANG_WARN_BLOCK_CAPTURE_AUTORELEASING = YES;
				CLANG_WARN_BOOL_CONVERSION = YES;
				CLANG_WARN_COMMA = YES;
				CLANG_WARN_CONSTANT_CONVERSION = YES;
				CLANG_WARN_DEPRECATED_OBJC_IMPLEMENTATIONS = YES;
				CLANG_WARN_DIRECT_OBJC_ISA_USAGE = YES_ERROR;
				CLANG_WARN_DOCUMENTATION_COMMENTS = YES;
				CLANG_WARN_EMPTY_BODY = YES;
				CLANG_WARN_ENUM_CONVERSION = YES;
				CLANG_WARN_INFINITE_RECURSION = YES;
				CLANG_WARN_INT_CONVERSION = YES;
				CLANG_WARN_NON_LITERAL_NULL_CONVERSION = YES;
				CLANG_WARN_OBJC_IMPLICIT_RETAIN_SELF = YES;
				CLANG_WARN_OBJC_LITERAL_CONVERSION = YES;
				CLANG_WARN_OBJC_ROOT_CLASS = YES_ERROR;
				CLANG_WARN_QUOTED_INCLUDE_IN_FRAMEWORK_HEADER = YES;
				CLANG_WARN_RANGE_LOOP_ANALYSIS = YES;
				CLANG_WARN_STRICT_PROTOTYPES = YES;
				CLANG_WARN_SUSPICIOUS_MOVE = YES;
				CLANG_WARN_UNGUARDED_AVAILABILITY = YES_AGGRESSIVE;
				CLANG_WARN_UNREACHABLE_CODE = YES;
				CLANG_WARN__DUPLICATE_METHOD_MATCH = YES;
				COPY_PHASE_STRIP = NO;
				DEBUG_INFORMATION_FORMAT = dwarf;
				ENABLE_STRICT_OBJC_MSGSEND = YES;
				ENABLE_TESTABILITY = YES;
				ENABLE_USER_SCRIPT_SANDBOXING = YES;
				GCC_C_LANGUAGE_STANDARD = gnu17;
				GCC_DYNAMIC_NO_PIC = NO;
				GCC_NO_COMMON_BLOCKS = YES;
				GCC_OPTIMIZATION_LEVEL = 0;
				GCC_PREPROCESSOR_DEFINITIONS = (
					"DEBUG=1",
					"$(inherited)",
				);
				GCC_WARN_64_TO_32_BIT_CONVERSION = YES;
				GCC_WARN_ABOUT_RETURN_TYPE = YES_ERROR;
				GCC_WARN_UNDECLARED_SELECTOR = YES;
				GCC_WARN_UNINITIALIZED_AUTOS = YES_AGGRESSIVE;
				GCC_WARN_UNUSED_FUNCTION = YES;
				GCC_WARN_UNUSED_VARIABLE = YES;
				IPHONEOS_DEPLOYMENT_TARGET = 17.5;
				LOCALIZATION_PREFERS_STRING_CATALOGS = YES;
				MTL_ENABLE_DEBUG_INFO = INCLUDE_SOURCE;
				MTL_FAST_MATH = YES;
				ONLY_ACTIVE_ARCH = YES;
				SDKROOT = iphoneos;
				SWIFT_ACTIVE_COMPILATION_CONDITIONS = "DEBUG $(inherited)";
				SWIFT_OPTIMIZATION_LEVEL = "-Onone";
			};
			name = Debug;
		};
		C55D67442BEE310200868005 /* Release */ = {
			isa = XCBuildConfiguration;
			buildSettings = {
				ALWAYS_SEARCH_USER_PATHS = NO;
				ASSETCATALOG_COMPILER_GENERATE_SWIFT_ASSET_SYMBOL_EXTENSIONS = YES;
				CLANG_ANALYZER_NONNULL = YES;
				CLANG_ANALYZER_NUMBER_OBJECT_CONVERSION = YES_AGGRESSIVE;
				CLANG_CXX_LANGUAGE_STANDARD = "gnu++20";
				CLANG_ENABLE_MODULES = YES;
				CLANG_ENABLE_OBJC_ARC = YES;
				CLANG_ENABLE_OBJC_WEAK = YES;
				CLANG_WARN_BLOCK_CAPTURE_AUTORELEASING = YES;
				CLANG_WARN_BOOL_CONVERSION = YES;
				CLANG_WARN_COMMA = YES;
				CLANG_WARN_CONSTANT_CONVERSION = YES;
				CLANG_WARN_DEPRECATED_OBJC_IMPLEMENTATIONS = YES;
				CLANG_WARN_DIRECT_OBJC_ISA_USAGE = YES_ERROR;
				CLANG_WARN_DOCUMENTATION_COMMENTS = YES;
				CLANG_WARN_EMPTY_BODY = YES;
				CLANG_WARN_ENUM_CONVERSION = YES;
				CLANG_WARN_INFINITE_RECURSION = YES;
				CLANG_WARN_INT_CONVERSION = YES;
				CLANG_WARN_NON_LITERAL_NULL_CONVERSION = YES;
				CLANG_WARN_OBJC_IMPLICIT_RETAIN_SELF = YES;
				CLANG_WARN_OBJC_LITERAL_CONVERSION = YES;
				CLANG_WARN_OBJC_ROOT_CLASS = YES_ERROR;
				CLANG_WARN_QUOTED_INCLUDE_IN_FRAMEWORK_HEADER = YES;
				CLANG_WARN_RANGE_LOOP_ANALYSIS = YES;
				CLANG_WARN_STRICT_PROTOTYPES = YES;
				CLANG_WARN_SUSPICIOUS_MOVE = YES;
				CLANG_WARN_UNGUARDED_AVAILABILITY = YES_AGGRESSIVE;
				CLANG_WARN_UNREACHABLE_CODE = YES;
				CLANG_WARN__DUPLICATE_METHOD_MATCH = YES;
				COPY_PHASE_STRIP = NO;
				DEBUG_INFORMATION_FORMAT = "dwarf-with-dsym";
				ENABLE_NS_ASSERTIONS = NO;
				ENABLE_STRICT_OBJC_MSGSEND = YES;
				ENABLE_USER_SCRIPT_SANDBOXING = YES;
				GCC_C_LANGUAGE_STANDARD = gnu17;
				GCC_NO_COMMON_BLOCKS = YES;
				GCC_WARN_64_TO_32_BIT_CONVERSION = YES;
				GCC_WARN_ABOUT_RETURN_TYPE = YES_ERROR;
				GCC_WARN_UNDECLARED_SELECTOR = YES;
				GCC_WARN_UNINITIALIZED_AUTOS = YES_AGGRESSIVE;
				GCC_WARN_UNUSED_FUNCTION = YES;
				GCC_WARN_UNUSED_VARIABLE = YES;
				IPHONEOS_DEPLOYMENT_TARGET = 17.5;
				LOCALIZATION_PREFERS_STRING_CATALOGS = YES;
				MTL_ENABLE_DEBUG_INFO = NO;
				MTL_FAST_MATH = YES;
				SDKROOT = iphoneos;
				SWIFT_COMPILATION_MODE = wholemodule;
				VALIDATE_PRODUCT = YES;
			};
			name = Release;
		};
		C55D67462BEE310200868005 /* Debug */ = {
			isa = XCBuildConfiguration;
			buildSettings = {
				ASSETCATALOG_COMPILER_APPICON_NAME = AppIcon;
				ASSETCATALOG_COMPILER_GLOBAL_ACCENT_COLOR_NAME = AccentColor;
				CODE_SIGN_STYLE = Automatic;
				CURRENT_PROJECT_VERSION = 1;
				DEVELOPMENT_TEAM = 377B7BZZ6Z;
				GENERATE_INFOPLIST_FILE = YES;
				INFOPLIST_FILE = ChatGPTWorkshop1/Info.plist;
				INFOPLIST_KEY_UIApplicationSupportsIndirectInputEvents = YES;
				INFOPLIST_KEY_UILaunchStoryboardName = LaunchScreen;
				INFOPLIST_KEY_UIMainStoryboardFile = Main;
				INFOPLIST_KEY_UISupportedInterfaceOrientations_iPad = "UIInterfaceOrientationPortrait UIInterfaceOrientationPortraitUpsideDown UIInterfaceOrientationLandscapeLeft UIInterfaceOrientationLandscapeRight";
				INFOPLIST_KEY_UISupportedInterfaceOrientations_iPhone = "UIInterfaceOrientationPortrait UIInterfaceOrientationLandscapeLeft UIInterfaceOrientationLandscapeRight";
				LD_RUNPATH_SEARCH_PATHS = (
					"$(inherited)",
					"@executable_path/Frameworks",
				);
				MARKETING_VERSION = 1.0;
				PRODUCT_BUNDLE_IDENTIFIER = com.igaryo.ChatGPTWorkshop1;
				PRODUCT_NAME = "$(TARGET_NAME)";
				SWIFT_EMIT_LOC_STRINGS = YES;
				SWIFT_VERSION = 5.0;
				TARGETED_DEVICE_FAMILY = "1,2";
			};
			name = Debug;
		};
		C55D67472BEE310200868005 /* Release */ = {
			isa = XCBuildConfiguration;
			buildSettings = {
				ASSETCATALOG_COMPILER_APPICON_NAME = AppIcon;
				ASSETCATALOG_COMPILER_GLOBAL_ACCENT_COLOR_NAME = AccentColor;
				CODE_SIGN_STYLE = Automatic;
				CURRENT_PROJECT_VERSION = 1;
				DEVELOPMENT_TEAM = 377B7BZZ6Z;
				GENERATE_INFOPLIST_FILE = YES;
				INFOPLIST_FILE = ChatGPTWorkshop1/Info.plist;
				INFOPLIST_KEY_UIApplicationSupportsIndirectInputEvents = YES;
				INFOPLIST_KEY_UILaunchStoryboardName = LaunchScreen;
				INFOPLIST_KEY_UIMainStoryboardFile = Main;
				INFOPLIST_KEY_UISupportedInterfaceOrientations_iPad = "UIInterfaceOrientationPortrait UIInterfaceOrientationPortraitUpsideDown UIInterfaceOrientationLandscapeLeft UIInterfaceOrientationLandscapeRight";
				INFOPLIST_KEY_UISupportedInterfaceOrientations_iPhone = "UIInterfaceOrientationPortrait UIInterfaceOrientationLandscapeLeft UIInterfaceOrientationLandscapeRight";
				LD_RUNPATH_SEARCH_PATHS = (
					"$(inherited)",
					"@executable_path/Frameworks",
				);
				MARKETING_VERSION = 1.0;
				PRODUCT_BUNDLE_IDENTIFIER = com.igaryo.ChatGPTWorkshop1;
				PRODUCT_NAME = "$(TARGET_NAME)";
				SWIFT_EMIT_LOC_STRINGS = YES;
				SWIFT_VERSION = 5.0;
				TARGETED_DEVICE_FAMILY = "1,2";
			};
			name = Release;
		};
/* End XCBuildConfiguration section */

/* Begin XCConfigurationList section */
		C55D672C2BEE310100868005 /* Build configuration list for PBXProject "ChatGPTWorkshop1" */ = {
			isa = XCConfigurationList;
			buildConfigurations = (
				C55D67432BEE310200868005 /* Debug */,
				C55D67442BEE310200868005 /* Release */,
			);
			defaultConfigurationIsVisible = 0;
			defaultConfigurationName = Release;
		};
		C55D67452BEE310200868005 /* Build configuration list for PBXNativeTarget "ChatGPTWorkshop1" */ = {
			isa = XCConfigurationList;
			buildConfigurations = (
				C55D67462BEE310200868005 /* Debug */,
				C55D67472BEE310200868005 /* Release */,
			);
			defaultConfigurationIsVisible = 0;
			defaultConfigurationName = Release;
		};
/* End XCConfigurationList section */
	};
	rootObject = C55D67292BEE310100868005 /* Project object */;
}
